
Microsoft Visual Studio Solution File, Format Version 12.00
# Visual Studio Version 17
VisualStudioVersion = 17.10.35013.160
MinimumVisualStudioVersion = 10.0.40219.1
Project("{FAE04EC0-301F-11D3-BF4B-00C04F79EFBC}") = "FIT5032_MyModelFirst", "FIT5032_MyModelFirst\FIT5032_MyModelFirst.csproj", "{BD238390-CA12-4E5F-A5F2-7246F8BAA6E8}"
EndProject
Global
	GlobalSection(SolutionConfigurationPlatforms) = preSolution
		Debug|Any CPU = Debug|Any CPU
		Release|Any CPU = Release|Any CPU
	EndGlobalSection
	GlobalSection(ProjectConfigurationPlatforms) = postSolution
		{BD238390-CA12-4E5F-A5F2-7246F8BAA6E8}.Debug|Any CPU.ActiveCfg = Debug|Any CPU
		{BD238390-CA12-4E5F-A5F2-7246F8BAA6E8}.Debug|Any CPU.Build.0 = Debug|Any CPU
		{BD238390-CA12-4E5F-A5F2-7246F8BAA6E8}.Release|Any CPU.ActiveCfg = Release|Any CPU
		{BD238390-CA12-4E5F-A5F2-7246F8BAA6E8}.Release|Any CPU.Build.0 = Release|Any CPU
	EndGlobalSection
	GlobalSection(SolutionProperties) = preSolution
		HideSolutionNode = FALSE
	EndGlobalSection
	GlobalSection(ExtensibilityGlobals) = postSolution
		SolutionGuid = {DC7DBC81-607C-4D36-9ABC-19E979C7F507}
	EndGlobalSection
EndGlobal
